
Microsoft Visual Studio Solution File, Format Version 12.00
# Visual Studio Version 17
VisualStudioVersion = 17.7.34003.232
MinimumVisualStudioVersion = 10.0.40219.1
Project("{FAE04EC0-301F-11D3-BF4B-00C04F79EFBC}") = "AgendaDeContactos", "AgendaDeContactos\AgendaDeContactos.csproj", "{AF062965-059A-483C-9A57-8B691E026AEF}"
EndProject
Global
	GlobalSection(SolutionConfigurationPlatforms) = preSolution
		Debug|Any CPU = Debug|Any CPU
		Release|Any CPU = Release|Any CPU
	EndGlobalSection
	GlobalSection(ProjectConfigurationPlatforms) = postSolution
		{AF062965-059A-483C-9A57-8B691E026AEF}.Debug|Any CPU.ActiveCfg = Debug|Any CPU
		{AF062965-059A-483C-9A57-8B691E026AEF}.Debug|Any CPU.Build.0 = Debug|Any CPU
		{AF062965-059A-483C-9A57-8B691E026AEF}.Release|Any CPU.ActiveCfg = Release|Any CPU
		{AF062965-059A-483C-9A57-8B691E026AEF}.Release|Any CPU.Build.0 = Release|Any CPU
	EndGlobalSection
	GlobalSection(SolutionProperties) = preSolution
		HideSolutionNode = FALSE
	EndGlobalSection
	GlobalSection(ExtensibilityGlobals) = postSolution
		SolutionGuid = {96B67A95-FACE-44C8-8BB2-C15575AFB2EC}
	EndGlobalSection
EndGlobal
